
Microsoft Visual Studio Solution File, Format Version 12.00
# Visual Studio Version 17
VisualStudioVersion = 17.13.35931.197
MinimumVisualStudioVersion = 10.0.40219.1
Project("{FAE04EC0-301F-11D3-BF4B-00C04F79EFBC}") = "lab6_1", "lab6_1.csproj", "{B99F8F51-DA1D-40C8-809E-A412BDD1A5B6}"
EndProject
Project("{FAE04EC0-301F-11D3-BF4B-00C04F79EFBC}") = "lab6_2", "..\lab6_2\lab6_2.csproj", "{0C4FED6D-28B8-4AD6-8975-834490988647}"
EndProject
Global
	GlobalSection(SolutionConfigurationPlatforms) = preSolution
		Debug|Any CPU = Debug|Any CPU
		Release|Any CPU = Release|Any CPU
	EndGlobalSection
	GlobalSection(ProjectConfigurationPlatforms) = postSolution
		{B99F8F51-DA1D-40C8-809E-A412BDD1A5B6}.Debug|Any CPU.ActiveCfg = Debug|Any CPU
		{B99F8F51-DA1D-40C8-809E-A412BDD1A5B6}.Debug|Any CPU.Build.0 = Debug|Any CPU
		{B99F8F51-DA1D-40C8-809E-A412BDD1A5B6}.Release|Any CPU.ActiveCfg = Release|Any CPU
		{B99F8F51-DA1D-40C8-809E-A412BDD1A5B6}.Release|Any CPU.Build.0 = Release|Any CPU
		{0C4FED6D-28B8-4AD6-8975-834490988647}.Debug|Any CPU.ActiveCfg = Debug|Any CPU
		{0C4FED6D-28B8-4AD6-8975-834490988647}.Debug|Any CPU.Build.0 = Debug|Any CPU
		{0C4FED6D-28B8-4AD6-8975-834490988647}.Release|Any CPU.ActiveCfg = Release|Any CPU
		{0C4FED6D-28B8-4AD6-8975-834490988647}.Release|Any CPU.Build.0 = Release|Any CPU
	EndGlobalSection
	GlobalSection(SolutionProperties) = preSolution
		HideSolutionNode = FALSE
	EndGlobalSection
	GlobalSection(ExtensibilityGlobals) = postSolution
		SolutionGuid = {9775E165-D952-49B3-897A-479F54F87D17}
	EndGlobalSection
EndGlobal
