
Microsoft Visual Studio Solution File, Format Version 12.00
# Visual Studio Version 17
VisualStudioVersion = 17.13.35931.197 d17.13
MinimumVisualStudioVersion = 10.0.40219.1
Project("{FAE04EC0-301F-11D3-BF4B-00C04F79EFBC}") = "programming_Lab4", "programming_Lab4.csproj", "{94021873-9166-4E62-8197-12AD81816C37}"
EndProject
Global
	GlobalSection(SolutionConfigurationPlatforms) = preSolution
		Debug|Any CPU = Debug|Any CPU
		Release|Any CPU = Release|Any CPU
	EndGlobalSection
	GlobalSection(ProjectConfigurationPlatforms) = postSolution
		{94021873-9166-4E62-8197-12AD81816C37}.Debug|Any CPU.ActiveCfg = Debug|Any CPU
		{94021873-9166-4E62-8197-12AD81816C37}.Debug|Any CPU.Build.0 = Debug|Any CPU
		{94021873-9166-4E62-8197-12AD81816C37}.Release|Any CPU.ActiveCfg = Release|Any CPU
		{94021873-9166-4E62-8197-12AD81816C37}.Release|Any CPU.Build.0 = Release|Any CPU
	EndGlobalSection
	GlobalSection(SolutionProperties) = preSolution
		HideSolutionNode = FALSE
	EndGlobalSection
	GlobalSection(ExtensibilityGlobals) = postSolution
		SolutionGuid = {BBCF94A8-BB71-4712-82B5-F22661882B4E}
	EndGlobalSection
EndGlobal
