
Microsoft Visual Studio Solution File, Format Version 12.00
# Visual Studio Version 17
VisualStudioVersion = 17.0.31903.59
MinimumVisualStudioVersion = 10.0.40219.1
Project("{FAE04EC0-301F-11D3-BF4B-00C04F79EFBC}") = "Lab2", "Lab2\Lab2.csproj", "{E06FA301-F90B-4A4F-AB33-AF50DD41D58F}"
EndProject
Project("{FAE04EC0-301F-11D3-BF4B-00C04F79EFBC}") = "Lab2_4", "..\task_4\Lab2_4\Lab2_4.csproj", "{1779A86F-FE00-4031-A31A-50DA6F14F078}"
EndProject
Project("{FAE04EC0-301F-11D3-BF4B-00C04F79EFBC}") = "Task7", "..\task_7\cs\Task7\Task7.csproj", "{54A1E31F-FE0D-4098-A796-B9EC7257FEAD}"
EndProject
Project("{FAE04EC0-301F-11D3-BF4B-00C04F79EFBC}") = "Lab4_2", "..\..\lab4\cs\Lab4_2\Lab4_2.csproj", "{6AEEE94C-9A10-4F81-AD86-DADD41CE2BA2}"
EndProject
Project("{FAE04EC0-301F-11D3-BF4B-00C04F79EFBC}") = "Lab4_1", "..\..\lab4\cs\Lab4_1\Lab4_1.csproj", "{F681E8DF-5460-4F27-AD8C-044BB57D6C9C}"
EndProject
Project("{FAE04EC0-301F-11D3-BF4B-00C04F79EFBC}") = "Task2", "..\..\lab5\cs\Task2\Task2.csproj", "{7A5D0FCF-B003-4006-8B23-2C9E5FA155D5}"
EndProject
Global
	GlobalSection(SolutionConfigurationPlatforms) = preSolution
		Debug|Any CPU = Debug|Any CPU
		Release|Any CPU = Release|Any CPU
	EndGlobalSection
	GlobalSection(SolutionProperties) = preSolution
		HideSolutionNode = FALSE
	EndGlobalSection
	GlobalSection(ProjectConfigurationPlatforms) = postSolution
		{E06FA301-F90B-4A4F-AB33-AF50DD41D58F}.Debug|Any CPU.ActiveCfg = Debug|Any CPU
		{E06FA301-F90B-4A4F-AB33-AF50DD41D58F}.Debug|Any CPU.Build.0 = Debug|Any CPU
		{E06FA301-F90B-4A4F-AB33-AF50DD41D58F}.Release|Any CPU.ActiveCfg = Release|Any CPU
		{E06FA301-F90B-4A4F-AB33-AF50DD41D58F}.Release|Any CPU.Build.0 = Release|Any CPU
		{1779A86F-FE00-4031-A31A-50DA6F14F078}.Debug|Any CPU.ActiveCfg = Debug|Any CPU
		{1779A86F-FE00-4031-A31A-50DA6F14F078}.Debug|Any CPU.Build.0 = Debug|Any CPU
		{1779A86F-FE00-4031-A31A-50DA6F14F078}.Release|Any CPU.ActiveCfg = Release|Any CPU
		{1779A86F-FE00-4031-A31A-50DA6F14F078}.Release|Any CPU.Build.0 = Release|Any CPU
		{54A1E31F-FE0D-4098-A796-B9EC7257FEAD}.Debug|Any CPU.ActiveCfg = Debug|Any CPU
		{54A1E31F-FE0D-4098-A796-B9EC7257FEAD}.Debug|Any CPU.Build.0 = Debug|Any CPU
		{54A1E31F-FE0D-4098-A796-B9EC7257FEAD}.Release|Any CPU.ActiveCfg = Release|Any CPU
		{54A1E31F-FE0D-4098-A796-B9EC7257FEAD}.Release|Any CPU.Build.0 = Release|Any CPU
		{6AEEE94C-9A10-4F81-AD86-DADD41CE2BA2}.Debug|Any CPU.ActiveCfg = Debug|Any CPU
		{6AEEE94C-9A10-4F81-AD86-DADD41CE2BA2}.Debug|Any CPU.Build.0 = Debug|Any CPU
		{6AEEE94C-9A10-4F81-AD86-DADD41CE2BA2}.Release|Any CPU.ActiveCfg = Release|Any CPU
		{6AEEE94C-9A10-4F81-AD86-DADD41CE2BA2}.Release|Any CPU.Build.0 = Release|Any CPU
		{F681E8DF-5460-4F27-AD8C-044BB57D6C9C}.Debug|Any CPU.ActiveCfg = Debug|Any CPU
		{F681E8DF-5460-4F27-AD8C-044BB57D6C9C}.Debug|Any CPU.Build.0 = Debug|Any CPU
		{F681E8DF-5460-4F27-AD8C-044BB57D6C9C}.Release|Any CPU.ActiveCfg = Release|Any CPU
		{F681E8DF-5460-4F27-AD8C-044BB57D6C9C}.Release|Any CPU.Build.0 = Release|Any CPU
		{7A5D0FCF-B003-4006-8B23-2C9E5FA155D5}.Debug|Any CPU.ActiveCfg = Debug|Any CPU
		{7A5D0FCF-B003-4006-8B23-2C9E5FA155D5}.Debug|Any CPU.Build.0 = Debug|Any CPU
		{7A5D0FCF-B003-4006-8B23-2C9E5FA155D5}.Release|Any CPU.ActiveCfg = Release|Any CPU
		{7A5D0FCF-B003-4006-8B23-2C9E5FA155D5}.Release|Any CPU.Build.0 = Release|Any CPU
	EndGlobalSection
EndGlobal
